{
  "version": "5",
  "specifiers": {
    "jsr:@std/random@~0.1.3": "0.1.3",
    "jsr:@std/yaml@^1.0.10": "1.0.10",
    "npm:react-dom@^19.2.0": "19.2.0_react@19.2.0",
    "npm:react@^19.2.0": "19.2.0"
  },
  "jsr": {
    "@std/random@0.1.3": {
      "integrity": "a688ffde2d883be70fdebe87ff295fb043f5c3d75f549505a8cc53776f3d0b71"
    },
    "@std/yaml@1.0.10": {
      "integrity": "245706ea3511cc50c8c6d00339c23ea2ffa27bd2c7ea5445338f8feff31fa58e"
    }
  },
  "npm": {
    "react-dom@19.2.0_react@19.2.0": {
      "integrity": "sha512-UlbRu4cAiGaIewkPyiRGJk0imDN2T3JjieT6spoL2UeSf5od4n5LB/mQ4ejmxhCFT1tYe8IvaFulzynWovsEFQ==",
      "dependencies": [
        "react",
        "scheduler"
      ]
    },
    "react@19.2.0": {
      "integrity": "sha512-tmbWg6W31tQLeB5cdIBOicJDJRR2KzXsV7uSK9iNfLWQ5bIZfxuPEHp7M8wiHyHnn0DD1i7w3Zmin0FtkrwoCQ=="
    },
    "scheduler@0.27.0": {
      "integrity": "sha512-eNv+WrVbKu1f3vbYJT/xtiF5syA5HPIMtf9IgY/nKg0sWqzAUEvqY/xm7OcZc/qafLx/iO9FgOmeSAp4v5ti/Q=="
    }
  },
  "workspace": {
    "dependencies": [
      "jsr:@std/random@~0.1.3",
      "jsr:@std/yaml@^1.0.10",
      "npm:@types/react-dom@19",
      "npm:@types/react@19",
      "npm:react-dom@^19.2.0",
      "npm:react@^19.2.0"
    ]
  }
}
